// !$*UTF8*$!
{
	archiveVersion = 1;
	classes = {
	};
	objectVersion = 46;
	objects = {

/* Begin PBXBuildFile section */
		B41475201CFDCA6900C2DFDB /* AppDelegate.swift in Sources */ = {isa = PBXBuildFile; fileRef = B414751F1CFDCA6900C2DFDB /* AppDelegate.swift */; };
		B41475221CFDCA6900C2DFDB /* ViewController.swift in Sources */ = {isa = PBXBuildFile; fileRef = B41475211CFDCA6900C2DFDB /* ViewController.swift */; };
		B41475251CFDCA6900C2DFDB /* Main.storyboard in Resources */ = {isa = PBXBuildFile; fileRef = B41475231CFDCA6900C2DFDB /* Main.storyboard */; };
		B41475271CFDCA6900C2DFDB /* Assets.xcassets in Resources */ = {isa = PBXBuildFile; fileRef = B41475261CFDCA6900C2DFDB /* Assets.xcassets */; };
		B414752A1CFDCA6900C2DFDB /* LaunchScreen.storyboard in Resources */ = {isa = PBXBuildFile; fileRef = B41475281CFDCA6900C2DFDB /* LaunchScreen.storyboard */; };
/* End PBXBuildFile section */

/* Begin PBXFileReference section */
		B414751C1CFDCA6900C2DFDB /* ArchitectureifeCycle.app */ = {isa = PBXFileReference; explicitFileType = wrapper.application; includeInIndex = 0; path = ArchitectureifeCycle.app; sourceTree = BUILT_PRODUCTS_DIR; };
		B414751F1CFDCA6900C2DFDB /* AppDelegate.swift */ = {isa = PBXFileReference; lastKnownFileType = sourcecode.swift; path = AppDelegate.swift; sourceTree = "<group>"; };
		B41475211CFDCA6900C2DFDB /* ViewController.swift */ = {isa = PBXFileReference; lastKnownFileType = sourcecode.swift; path = ViewController.swift; sourceTree = "<group>"; };
		B41475241CFDCA6900C2DFDB /* Base */ = {isa = PBXFileReference; lastKnownFileType = file.storyboard; name = Base; path = Base.lproj/Main.storyboard; sourceTree = "<group>"; };
		B41475261CFDCA6900C2DFDB /* Assets.xcassets */ = {isa = PBXFileReference; lastKnownFileType = folder.assetcatalog; path = Assets.xcassets; sourceTree = "<group>"; };
		B41475291CFDCA6900C2DFDB /* Base */ = {isa = PBXFileReference; lastKnownFileType = file.storyboard; name = Base; path = Base.lproj/LaunchScreen.storyboard; sourceTree = "<group>"; };
		B414752B1CFDCA6900C2DFDB /* Info.plist */ = {isa = PBXFileReference; lastKnownFileType = text.plist.xml; path = Info.plist; sourceTree = "<group>"; };
/* End PBXFileReference section */

/* Begin PBXFrameworksBuildPhase section */
		B41475191CFDCA6900C2DFDB /* Frameworks */ = {
			isa = PBXFrameworksBuildPhase;
			buildActionMask = 2147483647;
			files = (
			);
			runOnlyForDeploymentPostprocessing = 0;
		};
/* End PBXFrameworksBuildPhase section */

/* Begin PBXGroup section */
		B41475131CFDCA6900C2DFDB = {
			isa = PBXGroup;
			children = (
				B414751E1CFDCA6900C2DFDB /* ArchitectureifeCycle */,
				B414751D1CFDCA6900C2DFDB /* Products */,
			);
			sourceTree = "<group>";
		};
		B414751D1CFDCA6900C2DFDB /* Products */ = {
			isa = PBXGroup;
			children = (
				B414751C1CFDCA6900C2DFDB /* ArchitectureifeCycle.app */,
			);
			name = Products;
			sourceTree = "<group>";
		};
		B414751E1CFDCA6900C2DFDB /* ArchitectureifeCycle */ = {
			isa = PBXGroup;
			children = (
				B414751F1CFDCA6900C2DFDB /* AppDelegate.swift */,
				B41475211CFDCA6900C2DFDB /* ViewController.swift */,
				B41475231CFDCA6900C2DFDB /* Main.storyboard */,
				B41475261CFDCA6900C2DFDB /* Assets.xcassets */,
				B41475281CFDCA6900C2DFDB /* LaunchScreen.storyboard */,
				B414752B1CFDCA6900C2DFDB /* Info.plist */,
			);
			path = ArchitectureifeCycle;
			sourceTree = "<group>";
		};
/* End PBXGroup section */

/* Begin PBXNativeTarget section */
		B414751B1CFDCA6900C2DFDB /* ArchitectureifeCycle */ = {
			isa = PBXNativeTarget;
			buildConfigurationList = B414752E1CFDCA6900C2DFDB /* Build configuration list for PBXNativeTarget "ArchitectureifeCycle" */;
			buildPhases = (
				B41475181CFDCA6900C2DFDB /* Sources */,
				B41475191CFDCA6900C2DFDB /* Frameworks */,
				B414751A1CFDCA6900C2DFDB /* Resources */,
			);
			buildRules = (
			);
			dependencies = (
			);
			name = ArchitectureifeCycle;
			productName = ArchitectureifeCycle;
			productReference = B414751C1CFDCA6900C2DFDB /* ArchitectureifeCycle.app */;
			productType = "com.apple.product-type.application";
		};
/* End PBXNativeTarget section */

/* Begin PBXProject section */
		B41475141CFDCA6900C2DFDB /* Project object */ = {
			isa = PBXProject;
			attributes = {
				LastSwiftUpdateCheck = 0730;
				LastUpgradeCheck = 0730;
				ORGANIZATIONNAME = jensherlevsen;
				TargetAttributes = {
					B414751B1CFDCA6900C2DFDB = {
						CreatedOnToolsVersion = 7.3.1;
					};
				};
			};
			buildConfigurationList = B41475171CFDCA6900C2DFDB /* Build configuration list for PBXProject "ArchitectureifeCycle" */;
			compatibilityVersion = "Xcode 3.2";
			developmentRegion = English;
			hasScannedForEncodings = 0;
			knownRegions = (
				en,
				Base,
			);
			mainGroup = B41475131CFDCA6900C2DFDB;
			productRefGroup = B414751D1CFDCA6900C2DFDB /* Products */;
			projectDirPath = "";
			projectRoot = "";
			targets = (
				B414751B1CFDCA6900C2DFDB /* ArchitectureifeCycle */,
			);
		};
/* End PBXProject section */

/* Begin PBXResourcesBuildPhase section */
		B414751A1CFDCA6900C2DFDB /* Resources */ = {
			isa = PBXResourcesBuildPhase;
			buildActionMask = 2147483647;
			files = (
				B414752A1CFDCA6900C2DFDB /* LaunchScreen.storyboard in Resources */,
				B41475271CFDCA6900C2DFDB /* Assets.xcassets in Resources */,
				B41475251CFDCA6900C2DFDB /* Main.storyboard in Resources */,
			);
			runOnlyForDeploymentPostprocessing = 0;
		};
/* End PBXResourcesBuildPhase section */

/* Begin PBXSourcesBuildPhase section */
		B41475181CFDCA6900C2DFDB /* Sources */ = {
			isa = PBXSourcesBuildPhase;
			buildActionMask = 2147483647;
			files = (
				B41475221CFDCA6900C2DFDB /* ViewController.swift in Sources */,
				B41475201CFDCA6900C2DFDB /* AppDelegate.swift in Sources */,
			);
			runOnlyForDeploymentPostprocessing = 0;
		};
/* End PBXSourcesBuildPhase section */

/* Begin PBXVariantGroup section */
		B41475231CFDCA6900C2DFDB /* Main.storyboard */ = {
			isa = PBXVariantGroup;
			children = (
				B41475241CFDCA6900C2DFDB /* Base */,
			);
			name = Main.storyboard;
			sourceTree = "<group>";
		};
		B41475281CFDCA6900C2DFDB /* LaunchScreen.storyboard */ = {
			isa = PBXVariantGroup;
			children = (
				B41475291CFDCA6900C2DFDB /* Base */,
			);
			name = LaunchScreen.storyboard;
			sourceTree = "<group>";
		};
/* End PBXVariantGroup section */

/* Begin XCBuildConfiguration section */
		B414752C1CFDCA6900C2DFDB /* Debug */ = {
			isa = XCBuildConfiguration;
			buildSettings = {
				ALWAYS_SEARCH_USER_PATHS = NO;
				CLANG_ANALYZER_NONNULL = YES;
				CLANG_CXX_LANGUAGE_STANDARD = "gnu++0x";
				CLANG_CXX_LIBRARY = "libc++";
				CLANG_ENABLE_MODULES = YES;
				CLANG_ENABLE_OBJC_ARC = YES;
				CLANG_WARN_BOOL_CONVERSION = YES;
				CLANG_WARN_CONSTANT_CONVERSION = YES;
				CLANG_WARN_DIRECT_OBJC_ISA_USAGE = YES_ERROR;
				CLANG_WARN_EMPTY_BODY = YES;
				CLANG_WARN_ENUM_CONVERSION = YES;
				CLANG_WARN_INT_CONVERSION = YES;
				CLANG_WARN_OBJC_ROOT_CLASS = YES_ERROR;
				CLANG_WARN_UNREACHABLE_CODE = YES;
				CLANG_WARN__DUPLICATE_METHOD_MATCH = YES;
				"CODE_SIGN_IDENTITY[sdk=iphoneos*]" = "iPhone Developer";
				COPY_PHASE_STRIP = NO;
				DEBUG_INFORMATION_FORMAT = dwarf;
				ENABLE_STRICT_OBJC_MSGSEND = YES;
				ENABLE_TESTABILITY = YES;
				GCC_C_LANGUAGE_STANDARD = gnu99;
				GCC_DYNAMIC_NO_PIC = NO;
				GCC_NO_COMMON_BLOCKS = YES;
				GCC_OPTIMIZATION_LEVEL = 0;
				GCC_PREPROCESSOR_DEFINITIONS = (
					"DEBUG=1",
					"$(inherited)",
				);
				GCC_WARN_64_TO_32_BIT_CONVERSION = YES;
				GCC_WARN_ABOUT_RETURN_TYPE = YES_ERROR;
				GCC_WARN_UNDECLARED_SELECTOR = YES;
				GCC_WARN_UNINITIALIZED_AUTOS = YES_AGGRESSIVE;
				GCC_WARN_UNUSED_FUNCTION = YES;
				GCC_WARN_UNUSED_VARIABLE = YES;
				IPHONEOS_DEPLOYMENT_TARGET = 9.3;
				MTL_ENABLE_DEBUG_INFO = YES;
				ONLY_ACTIVE_ARCH = YES;
				SDKROOT = iphoneos;
				SWIFT_OPTIMIZATION_LEVEL = "-Onone";
				TARGETED_DEVICE_FAMILY = "1,2";
			};
			name = Debug;
		};
		B414752D1CFDCA6900C2DFDB /* Release */ = {
			isa = XCBuildConfiguration;
			buildSettings = {
				ALWAYS_SEARCH_USER_PATHS = NO;
				CLANG_ANALYZER_NONNULL = YES;
				CLANG_CXX_LANGUAGE_STANDARD = "gnu++0x";
				CLANG_CXX_LIBRARY = "libc++";
				CLANG_ENABLE_MODULES = YES;
				CLANG_ENABLE_OBJC_ARC = YES;
				CLANG_WARN_BOOL_CONVERSION = YES;
				CLANG_WARN_CONSTANT_CONVERSION = YES;
				CLANG_WARN_DIRECT_OBJC_ISA_USAGE = YES_ERROR;
				CLANG_WARN_EMPTY_BODY = YES;
				CLANG_WARN_ENUM_CONVERSION = YES;
				CLANG_WARN_INT_CONVERSION = YES;
				CLANG_WARN_OBJC_ROOT_CLASS = YES_ERROR;
				CLANG_WARN_UNREACHABLE_CODE = YES;
				CLANG_WARN__DUPLICATE_METHOD_MATCH = YES;
				"CODE_SIGN_IDENTITY[sdk=iphoneos*]" = "iPhone Developer";
				COPY_PHASE_STRIP = NO;
				DEBUG_INFORMATION_FORMAT = "dwarf-with-dsym";
				ENABLE_NS_ASSERTIONS = NO;
				ENABLE_STRICT_OBJC_MSGSEND = YES;
				GCC_C_LANGUAGE_STANDARD = gnu99;
				GCC_NO_COMMON_BLOCKS = YES;
				GCC_WARN_64_TO_32_BIT_CONVERSION = YES;
				GCC_WARN_ABOUT_RETURN_TYPE = YES_ERROR;
				GCC_WARN_UNDECLARED_SELECTOR = YES;
				GCC_WARN_UNINITIALIZED_AUTOS = YES_AGGRESSIVE;
				GCC_WARN_UNUSED_FUNCTION = YES;
				GCC_WARN_UNUSED_VARIABLE = YES;
				IPHONEOS_DEPLOYMENT_TARGET = 9.3;
				MTL_ENABLE_DEBUG_INFO = NO;
				SDKROOT = iphoneos;
				TARGETED_DEVICE_FAMILY = "1,2";
				VALIDATE_PRODUCT = YES;
			};
			name = Release;
		};
		B414752F1CFDCA6900C2DFDB /* Debug */ = {
			isa = XCBuildConfiguration;
			buildSettings = {
				ASSETCATALOG_COMPILER_APPICON_NAME = AppIcon;
				INFOPLIST_FILE = ArchitectureifeCycle/Info.plist;
				LD_RUNPATH_SEARCH_PATHS = "$(inherited) @executable_path/Frameworks";
				PRODUCT_BUNDLE_IDENTIFIER = dk.jensherlevsen.ArchitectureifeCycle;
				PRODUCT_NAME = "$(TARGET_NAME)";
			};
			name = Debug;
		};
		B41475301CFDCA6900C2DFDB /* Release */ = {
			isa = XCBuildConfiguration;
			buildSettings = {
				ASSETCATALOG_COMPILER_APPICON_NAME = AppIcon;
				INFOPLIST_FILE = ArchitectureifeCycle/Info.plist;
				LD_RUNPATH_SEARCH_PATHS = "$(inherited) @executable_path/Frameworks";
				PRODUCT_BUNDLE_IDENTIFIER = dk.jensherlevsen.ArchitectureifeCycle;
				PRODUCT_NAME = "$(TARGET_NAME)";
			};
			name = Release;
		};
/* End XCBuildConfiguration section */

/* Begin XCConfigurationList section */
		B41475171CFDCA6900C2DFDB /* Build configuration list for PBXProject "ArchitectureifeCycle" */ = {
			isa = XCConfigurationList;
			buildConfigurations = (
				B414752C1CFDCA6900C2DFDB /* Debug */,
				B414752D1CFDCA6900C2DFDB /* Release */,
			);
			defaultConfigurationIsVisible = 0;
			defaultConfigurationName = Release;
		};
		B414752E1CFDCA6900C2DFDB /* Build configuration list for PBXNativeTarget "ArchitectureifeCycle" */ = {
			isa = XCConfigurationList;
			buildConfigurations = (
				B414752F1CFDCA6900C2DFDB /* Debug */,
				B41475301CFDCA6900C2DFDB /* Release */,
			);
			defaultConfigurationIsVisible = 0;
		};
/* End XCConfigurationList section */
	};
	rootObject = B41475141CFDCA6900C2DFDB /* Project object */;
}
